{
  "requires": true,
  "lockfileVersion": 1,
  "dependencies": {
    "@popperjs/core": {
      "version": "2.9.2",
      "resolved": "https://registry.npmjs.org/@popperjs/core/-/core-2.9.2.tgz",
      "integrity": "sha512-VZMYa7+fXHdwIq1TDhSXoVmSPEGM/aa+6Aiq3nVVJ9bXr24zScr+NlKFKC3iPljA7ho/GAZr+d2jOf5GIRC30Q=="
    },
    "@vant/icons": {
      "version": "1.6.0",
      "resolved": "https://registry.npmjs.org/@vant/icons/-/icons-1.6.0.tgz",
      "integrity": "sha512-4Hvq4tl4grCOJLZ0e8ZaivBV8xOcmTPmTT8BDkTrEIKqnDowRFDdsXxcHECzWmbmMx+CYGdngvd2Cq8YR9DfKA=="
    },
    "@vant/lazyload": {
      "version": "1.2.0",
      "resolved": "https://registry.npmjs.org/@vant/lazyload/-/lazyload-1.2.0.tgz",
      "integrity": "sha512-QsqNm8nNat4z9TdrTI4YkDXZXgg3dbGhHf7tC4mhel+gJ0u2WZcoMYKWkzQXvO+vo395cByT5iUE5a72360B2Q=="
    },
    "@vant/popperjs": {
      "version": "1.1.0",
      "resolved": "https://registry.npmjs.org/@vant/popperjs/-/popperjs-1.1.0.tgz",
      "integrity": "sha512-8MD1gz146awV/uPxYjz4pet22f7a9YVKqk7T+gFkWFwT9mEcrIUEg/xPrdOnWKLP9puXyYtm7oVfSDSefZ/p/w==",
      "requires": {
        "@popperjs/core": "^2.9.2"
      }
    },
    "@vant/use": {
      "version": "1.2.0",
      "resolved": "https://registry.npmjs.org/@vant/use/-/use-1.2.0.tgz",
      "integrity": "sha512-pTVK/r0of/80n4j74F7AlbdXGM8AUAQjtRSZDV+x5hPkJNrlgGZGsfNxXGYOIHluwFx4l5sKAYwst2rtMJk+wQ=="
    },
    "vant": {
      "version": "3.1.3",
      "resolved": "https://registry.npmjs.org/vant/-/vant-3.1.3.tgz",
      "integrity": "sha512-TihKiAUE+Kf2Cx0/sokMtk6/WTZWTwHygBwOgWKB2eJ43piMogcRYpgK66UK7EATfn00565Rp+trIkAwE63+zQ==",
      "requires": {
        "@vant/icons": "^1.6.0",
        "@vant/lazyload": "^1.2.0",
        "@vant/popperjs": "^1.1.0",
        "@vant/use": "^1.1.2"
      }
    }
  }
}
